<Solution>
  <Project Path="LiteRTLM.Unity.Samples.csproj" />
  <Project Path="LiteRTLM.Unity.Samples.Automated.csproj" />
  <Project Path="LiteRTLM.Unity.Samples.Editor.csproj" />
  <Project Path="LiteRTLM.Unity.csproj" />
  <Project Path="LiteRTLM.Unity.Samples.Automated.Editor.csproj" />
</Solution>
